
Microsoft Visual Studio Solution File, Format Version 12.00
# Visual Studio 15
VisualStudioVersion = 15.0.28307.572
MinimumVisualStudioVersion = 10.0.40219.1
Project("{FAE04EC0-301F-11D3-BF4B-00C04F79EFBC}") = "App01_ConsultarCEP.Android", "App01_ConsultarCEP\App01_ConsultarCEP.Android\App01_ConsultarCEP.Android.csproj", "{CE710287-C98E-4723-B706-4A02A15D7842}"
EndProject
Project("{FAE04EC0-301F-11D3-BF4B-00C04F79EFBC}") = "App01_ConsultarCEP.iOS", "App01_ConsultarCEP\App01_ConsultarCEP.iOS\App01_ConsultarCEP.iOS.csproj", "{E91A88D5-FA9D-4E74-9F89-D323D843C2FF}"
EndProject
Project("{FAE04EC0-301F-11D3-BF4B-00C04F79EFBC}") = "App01_ConsultarCEP.UWP", "App01_ConsultarCEP\App01_ConsultarCEP.UWP\App01_ConsultarCEP.UWP.csproj", "{973DF37D-25BD-40C5-98C6-47EB9B23EB69}"
EndProject
Project("{FAE04EC0-301F-11D3-BF4B-00C04F79EFBC}") = "App01_ConsultarCEP", "App01_ConsultarCEP\App01_ConsultarCEP\App01_ConsultarCEP.csproj", "{E1F3CFD8-AAA5-48DC-B6E5-24148B993649}"
EndProject
Global
	GlobalSection(SolutionConfigurationPlatforms) = preSolution
		Ad-Hoc|Any CPU = Ad-Hoc|Any CPU
		Ad-Hoc|ARM = Ad-Hoc|ARM
		Ad-Hoc|iPhone = Ad-Hoc|iPhone
		Ad-Hoc|iPhoneSimulator = Ad-Hoc|iPhoneSimulator
		Ad-Hoc|x64 = Ad-Hoc|x64
		Ad-Hoc|x86 = Ad-Hoc|x86
		AppStore|Any CPU = AppStore|Any CPU
		AppStore|ARM = AppStore|ARM
		AppStore|iPhone = AppStore|iPhone
		AppStore|iPhoneSimulator = AppStore|iPhoneSimulator
		AppStore|x64 = AppStore|x64
		AppStore|x86 = AppStore|x86
		Debug|Any CPU = Debug|Any CPU
		Debug|ARM = Debug|ARM
		Debug|iPhone = Debug|iPhone
		Debug|iPhoneSimulator = Debug|iPhoneSimulator
		Debug|x64 = Debug|x64
		Debug|x86 = Debug|x86
		Release|Any CPU = Release|Any CPU
		Release|ARM = Release|ARM
		Release|iPhone = Release|iPhone
		Release|iPhoneSimulator = Release|iPhoneSimulator
		Release|x64 = Release|x64
		Release|x86 = Release|x86
	EndGlobalSection
	GlobalSection(ProjectConfigurationPlatforms) = postSolution
		{CE710287-C98E-4723-B706-4A02A15D7842}.Ad-Hoc|Any CPU.ActiveCfg = Release|Any CPU
		{CE710287-C98E-4723-B706-4A02A15D7842}.Ad-Hoc|Any CPU.Build.0 = Release|Any CPU
		{CE710287-C98E-4723-B706-4A02A15D7842}.Ad-Hoc|Any CPU.Deploy.0 = Release|Any CPU
		{CE710287-C98E-4723-B706-4A02A15D7842}.Ad-Hoc|ARM.ActiveCfg = Release|Any CPU
		{CE710287-C98E-4723-B706-4A02A15D7842}.Ad-Hoc|ARM.Build.0 = Release|Any CPU
		{CE710287-C98E-4723-B706-4A02A15D7842}.Ad-Hoc|ARM.Deploy.0 = Release|Any CPU
		{CE710287-C98E-4723-B706-4A02A15D7842}.Ad-Hoc|iPhone.ActiveCfg = Release|Any CPU
		{CE710287-C98E-4723-B706-4A02A15D7842}.Ad-Hoc|iPhone.Build.0 = Release|Any CPU
		{CE710287-C98E-4723-B706-4A02A15D7842}.Ad-Hoc|iPhone.Deploy.0 = Release|Any CPU
		{CE710287-C98E-4723-B706-4A02A15D7842}.Ad-Hoc|iPhoneSimulator.ActiveCfg = Release|Any CPU
		{CE710287-C98E-4723-B706-4A02A15D7842}.Ad-Hoc|iPhoneSimulator.Build.0 = Release|Any CPU
		{CE710287-C98E-4723-B706-4A02A15D7842}.Ad-Hoc|iPhoneSimulator.Deploy.0 = Release|Any CPU
		{CE710287-C98E-4723-B706-4A02A15D7842}.Ad-Hoc|x64.ActiveCfg = Release|Any CPU
		{CE710287-C98E-4723-B706-4A02A15D7842}.Ad-Hoc|x64.Build.0 = Release|Any CPU
		{CE710287-C98E-4723-B706-4A02A15D7842}.Ad-Hoc|x64.Deploy.0 = Release|Any CPU
		{CE710287-C98E-4723-B706-4A02A15D7842}.Ad-Hoc|x86.ActiveCfg = Release|Any CPU
		{CE710287-C98E-4723-B706-4A02A15D7842}.Ad-Hoc|x86.Build.0 = Release|Any CPU
		{CE710287-C98E-4723-B706-4A02A15D7842}.Ad-Hoc|x86.Deploy.0 = Release|Any CPU
		{CE710287-C98E-4723-B706-4A02A15D7842}.AppStore|Any CPU.ActiveCfg = Release|Any CPU
		{CE710287-C98E-4723-B706-4A02A15D7842}.AppStore|Any CPU.Build.0 = Release|Any CPU
		{CE710287-C98E-4723-B706-4A02A15D7842}.AppStore|Any CPU.Deploy.0 = Release|Any CPU
		{CE710287-C98E-4723-B706-4A02A15D7842}.AppStore|ARM.ActiveCfg = Release|Any CPU
		{CE710287-C98E-4723-B706-4A02A15D7842}.AppStore|ARM.Build.0 = Release|Any CPU
		{CE710287-C98E-4723-B706-4A02A15D7842}.AppStore|ARM.Deploy.0 = Release|Any CPU
		{CE710287-C98E-4723-B706-4A02A15D7842}.AppStore|iPhone.ActiveCfg = Release|Any CPU
		{CE710287-C98E-4723-B706-4A02A15D7842}.AppStore|iPhone.Build.0 = Release|Any CPU
		{CE710287-C98E-4723-B706-4A02A15D7842}.AppStore|iPhone.Deploy.0 = Release|Any CPU
		{CE710287-C98E-4723-B706-4A02A15D7842}.AppStore|iPhoneSimulator.ActiveCfg = Release|Any CPU
		{CE710287-C98E-4723-B706-4A02A15D7842}.AppStore|iPhoneSimulator.Build.0 = Release|Any CPU
		{CE710287-C98E-4723-B706-4A02A15D7842}.AppStore|iPhoneSimulator.Deploy.0 = Release|Any CPU
		{CE710287-C98E-4723-B706-4A02A15D7842}.AppStore|x64.ActiveCfg = Release|Any CPU
		{CE710287-C98E-4723-B706-4A02A15D7842}.AppStore|x64.Build.0 = Release|Any CPU
		{CE710287-C98E-4723-B706-4A02A15D7842}.AppStore|x64.Deploy.0 = Release|Any CPU
		{CE710287-C98E-4723-B706-4A02A15D7842}.AppStore|x86.ActiveCfg = Release|Any CPU
		{CE710287-C98E-4723-B706-4A02A15D7842}.AppStore|x86.Build.0 = Release|Any CPU
		{CE710287-C98E-4723-B706-4A02A15D7842}.AppStore|x86.Deploy.0 = Release|Any CPU
		{CE710287-C98E-4723-B706-4A02A15D7842}.Debug|Any CPU.ActiveCfg = Debug|Any CPU
		{CE710287-C98E-4723-B706-4A02A15D7842}.Debug|Any CPU.Build.0 = Debug|Any CPU
		{CE710287-C98E-4723-B706-4A02A15D7842}.Debug|Any CPU.Deploy.0 = Debug|Any CPU
		{CE710287-C98E-4723-B706-4A02A15D7842}.Debug|ARM.ActiveCfg = Debug|Any CPU
		{CE710287-C98E-4723-B706-4A02A15D7842}.Debug|ARM.Build.0 = Debug|Any CPU
		{CE710287-C98E-4723-B706-4A02A15D7842}.Debug|ARM.Deploy.0 = Debug|Any CPU
		{CE710287-C98E-4723-B706-4A02A15D7842}.Debug|iPhone.ActiveCfg = Debug|Any CPU
		{CE710287-C98E-4723-B706-4A02A15D7842}.Debug|iPhone.Build.0 = Debug|Any CPU
		{CE710287-C98E-4723-B706-4A02A15D7842}.Debug|iPhone.Deploy.0 = Debug|Any CPU
		{CE710287-C98E-4723-B706-4A02A15D7842}.Debug|iPhoneSimulator.ActiveCfg = Debug|Any CPU
		{CE710287-C98E-4723-B706-4A02A15D7842}.Debug|iPhoneSimulator.Build.0 = Debug|Any CPU
		{CE710287-C98E-4723-B706-4A02A15D7842}.Debug|iPhoneSimulator.Deploy.0 = Debug|Any CPU
		{CE710287-C98E-4723-B706-4A02A15D7842}.Debug|x64.ActiveCfg = Debug|Any CPU
		{CE710287-C98E-4723-B706-4A02A15D7842}.Debug|x64.Build.0 = Debug|Any CPU
		{CE710287-C98E-4723-B706-4A02A15D7842}.Debug|x64.Deploy.0 = Debug|Any CPU
		{CE710287-C98E-4723-B706-4A02A15D7842}.Debug|x86.ActiveCfg = Debug|Any CPU
		{CE710287-C98E-4723-B706-4A02A15D7842}.Debug|x86.Build.0 = Debug|Any CPU
		{CE710287-C98E-4723-B706-4A02A15D7842}.Debug|x86.Deploy.0 = Debug|Any CPU
		{CE710287-C98E-4723-B706-4A02A15D7842}.Release|Any CPU.ActiveCfg = Release|Any CPU
		{CE710287-C98E-4723-B706-4A02A15D7842}.Release|Any CPU.Build.0 = Release|Any CPU
		{CE710287-C98E-4723-B706-4A02A15D7842}.Release|Any CPU.Deploy.0 = Release|Any CPU
		{CE710287-C98E-4723-B706-4A02A15D7842}.Release|ARM.ActiveCfg = Release|Any CPU
		{CE710287-C98E-4723-B706-4A02A15D7842}.Release|ARM.Build.0 = Release|Any CPU
		{CE710287-C98E-4723-B706-4A02A15D7842}.Release|ARM.Deploy.0 = Release|Any CPU
		{CE710287-C98E-4723-B706-4A02A15D7842}.Release|iPhone.ActiveCfg = Release|Any CPU
		{CE710287-C98E-4723-B706-4A02A15D7842}.Release|iPhone.Build.0 = Release|Any CPU
		{CE710287-C98E-4723-B706-4A02A15D7842}.Release|iPhone.Deploy.0 = Release|Any CPU
		{CE710287-C98E-4723-B706-4A02A15D7842}.Release|iPhoneSimulator.ActiveCfg = Release|Any CPU
		{CE710287-C98E-4723-B706-4A02A15D7842}.Release|iPhoneSimulator.Build.0 = Release|Any CPU
		{CE710287-C98E-4723-B706-4A02A15D7842}.Release|iPhoneSimulator.Deploy.0 = Release|Any CPU
		{CE710287-C98E-4723-B706-4A02A15D7842}.Release|x64.ActiveCfg = Release|Any CPU
		{CE710287-C98E-4723-B706-4A02A15D7842}.Release|x64.Build.0 = Release|Any CPU
		{CE710287-C98E-4723-B706-4A02A15D7842}.Release|x64.Deploy.0 = Release|Any CPU
		{CE710287-C98E-4723-B706-4A02A15D7842}.Release|x86.ActiveCfg = Release|Any CPU
		{CE710287-C98E-4723-B706-4A02A15D7842}.Release|x86.Build.0 = Release|Any CPU
		{CE710287-C98E-4723-B706-4A02A15D7842}.Release|x86.Deploy.0 = Release|Any CPU
		{E91A88D5-FA9D-4E74-9F89-D323D843C2FF}.Ad-Hoc|Any CPU.ActiveCfg = Ad-Hoc|iPhone
		{E91A88D5-FA9D-4E74-9F89-D323D843C2FF}.Ad-Hoc|Any CPU.Build.0 = Ad-Hoc|iPhone
		{E91A88D5-FA9D-4E74-9F89-D323D843C2FF}.Ad-Hoc|Any CPU.Deploy.0 = Ad-Hoc|iPhone
		{E91A88D5-FA9D-4E74-9F89-D323D843C2FF}.Ad-Hoc|ARM.ActiveCfg = Ad-Hoc|iPhone
		{E91A88D5-FA9D-4E74-9F89-D323D843C2FF}.Ad-Hoc|ARM.Build.0 = Ad-Hoc|iPhone
		{E91A88D5-FA9D-4E74-9F89-D323D843C2FF}.Ad-Hoc|ARM.Deploy.0 = Ad-Hoc|iPhone
		{E91A88D5-FA9D-4E74-9F89-D323D843C2FF}.Ad-Hoc|iPhone.ActiveCfg = Ad-Hoc|iPhone
		{E91A88D5-FA9D-4E74-9F89-D323D843C2FF}.Ad-Hoc|iPhone.Build.0 = Ad-Hoc|iPhone
		{E91A88D5-FA9D-4E74-9F89-D323D843C2FF}.Ad-Hoc|iPhone.Deploy.0 = Ad-Hoc|iPhone
		{E91A88D5-FA9D-4E74-9F89-D323D843C2FF}.Ad-Hoc|iPhoneSimulator.ActiveCfg = Ad-Hoc|iPhoneSimulator
		{E91A88D5-FA9D-4E74-9F89-D323D843C2FF}.Ad-Hoc|iPhoneSimulator.Build.0 = Ad-Hoc|iPhoneSimulator
		{E91A88D5-FA9D-4E74-9F89-D323D843C2FF}.Ad-Hoc|iPhoneSimulator.Deploy.0 = Ad-Hoc|iPhoneSimulator
		{E91A88D5-FA9D-4E74-9F89-D323D843C2FF}.Ad-Hoc|x64.ActiveCfg = Ad-Hoc|iPhone
		{E91A88D5-FA9D-4E74-9F89-D323D843C2FF}.Ad-Hoc|x64.Build.0 = Ad-Hoc|iPhone
		{E91A88D5-FA9D-4E74-9F89-D323D843C2FF}.Ad-Hoc|x64.Deploy.0 = Ad-Hoc|iPhone
		{E91A88D5-FA9D-4E74-9F89-D323D843C2FF}.Ad-Hoc|x86.ActiveCfg = Ad-Hoc|iPhone
		{E91A88D5-FA9D-4E74-9F89-D323D843C2FF}.Ad-Hoc|x86.Build.0 = Ad-Hoc|iPhone
		{E91A88D5-FA9D-4E74-9F89-D323D843C2FF}.Ad-Hoc|x86.Deploy.0 = Ad-Hoc|iPhone
		{E91A88D5-FA9D-4E74-9F89-D323D843C2FF}.AppStore|Any CPU.ActiveCfg = AppStore|iPhone
		{E91A88D5-FA9D-4E74-9F89-D323D843C2FF}.AppStore|Any CPU.Build.0 = AppStore|iPhone
		{E91A88D5-FA9D-4E74-9F89-D323D843C2FF}.AppStore|Any CPU.Deploy.0 = AppStore|iPhone
		{E91A88D5-FA9D-4E74-9F89-D323D843C2FF}.AppStore|ARM.ActiveCfg = AppStore|iPhone
		{E91A88D5-FA9D-4E74-9F89-D323D843C2FF}.AppStore|ARM.Build.0 = AppStore|iPhone
		{E91A88D5-FA9D-4E74-9F89-D323D843C2FF}.AppStore|ARM.Deploy.0 = AppStore|iPhone
		{E91A88D5-FA9D-4E74-9F89-D323D843C2FF}.AppStore|iPhone.ActiveCfg = AppStore|iPhone
		{E91A88D5-FA9D-4E74-9F89-D323D843C2FF}.AppStore|iPhone.Build.0 = AppStore|iPhone
		{E91A88D5-FA9D-4E74-9F89-D323D843C2FF}.AppStore|iPhone.Deploy.0 = AppStore|iPhone
		{E91A88D5-FA9D-4E74-9F89-D323D843C2FF}.AppStore|iPhoneSimulator.ActiveCfg = AppStore|iPhoneSimulator
		{E91A88D5-FA9D-4E74-9F89-D323D843C2FF}.AppStore|iPhoneSimulator.Build.0 = AppStore|iPhoneSimulator
		{E91A88D5-FA9D-4E74-9F89-D323D843C2FF}.AppStore|iPhoneSimulator.Deploy.0 = AppStore|iPhoneSimulator
		{E91A88D5-FA9D-4E74-9F89-D323D843C2FF}.AppStore|x64.ActiveCfg = AppStore|iPhone
		{E91A88D5-FA9D-4E74-9F89-D323D843C2FF}.AppStore|x64.Build.0 = AppStore|iPhone
		{E91A88D5-FA9D-4E74-9F89-D323D843C2FF}.AppStore|x64.Deploy.0 = AppStore|iPhone
		{E91A88D5-FA9D-4E74-9F89-D323D843C2FF}.AppStore|x86.ActiveCfg = AppStore|iPhone
		{E91A88D5-FA9D-4E74-9F89-D323D843C2FF}.AppStore|x86.Build.0 = AppStore|iPhone
		{E91A88D5-FA9D-4E74-9F89-D323D843C2FF}.AppStore|x86.Deploy.0 = AppStore|iPhone
		{E91A88D5-FA9D-4E74-9F89-D323D843C2FF}.Debug|Any CPU.ActiveCfg = Debug|iPhoneSimulator
		{E91A88D5-FA9D-4E74-9F89-D323D843C2FF}.Debug|Any CPU.Build.0 = Debug|iPhoneSimulator
		{E91A88D5-FA9D-4E74-9F89-D323D843C2FF}.Debug|Any CPU.Deploy.0 = Debug|iPhoneSimulator
		{E91A88D5-FA9D-4E74-9F89-D323D843C2FF}.Debug|ARM.ActiveCfg = Debug|iPhone
		{E91A88D5-FA9D-4E74-9F89-D323D843C2FF}.Debug|ARM.Build.0 = Debug|iPhone
		{E91A88D5-FA9D-4E74-9F89-D323D843C2FF}.Debug|ARM.Deploy.0 = Debug|iPhone
		{E91A88D5-FA9D-4E74-9F89-D323D843C2FF}.Debug|iPhone.ActiveCfg = Debug|iPhone
		{E91A88D5-FA9D-4E74-9F89-D323D843C2FF}.Debug|iPhone.Build.0 = Debug|iPhone
		{E91A88D5-FA9D-4E74-9F89-D323D843C2FF}.Debug|iPhone.Deploy.0 = Debug|iPhone
		{E91A88D5-FA9D-4E74-9F89-D323D843C2FF}.Debug|iPhoneSimulator.ActiveCfg = Debug|iPhoneSimulator
		{E91A88D5-FA9D-4E74-9F89-D323D843C2FF}.Debug|iPhoneSimulator.Build.0 = Debug|iPhoneSimulator
		{E91A88D5-FA9D-4E74-9F89-D323D843C2FF}.Debug|iPhoneSimulator.Deploy.0 = Debug|iPhoneSimulator
		{E91A88D5-FA9D-4E74-9F89-D323D843C2FF}.Debug|x64.ActiveCfg = Debug|iPhone
		{E91A88D5-FA9D-4E74-9F89-D323D843C2FF}.Debug|x64.Build.0 = Debug|iPhone
		{E91A88D5-FA9D-4E74-9F89-D323D843C2FF}.Debug|x64.Deploy.0 = Debug|iPhone
		{E91A88D5-FA9D-4E74-9F89-D323D843C2FF}.Debug|x86.ActiveCfg = Debug|iPhone
		{E91A88D5-FA9D-4E74-9F89-D323D843C2FF}.Debug|x86.Build.0 = Debug|iPhone
		{E91A88D5-FA9D-4E74-9F89-D323D843C2FF}.Debug|x86.Deploy.0 = Debug|iPhone
		{E91A88D5-FA9D-4E74-9F89-D323D843C2FF}.Release|Any CPU.ActiveCfg = Release|iPhone
		{E91A88D5-FA9D-4E74-9F89-D323D843C2FF}.Release|Any CPU.Build.0 = Release|iPhone
		{E91A88D5-FA9D-4E74-9F89-D323D843C2FF}.Release|Any CPU.Deploy.0 = Release|iPhone
		{E91A88D5-FA9D-4E74-9F89-D323D843C2FF}.Release|ARM.ActiveCfg = Release|iPhone
		{E91A88D5-FA9D-4E74-9F89-D323D843C2FF}.Release|ARM.Build.0 = Release|iPhone
		{E91A88D5-FA9D-4E74-9F89-D323D843C2FF}.Release|ARM.Deploy.0 = Release|iPhone
		{E91A88D5-FA9D-4E74-9F89-D323D843C2FF}.Release|iPhone.ActiveCfg = Release|iPhone
		{E91A88D5-FA9D-4E74-9F89-D323D843C2FF}.Release|iPhone.Build.0 = Release|iPhone
		{E91A88D5-FA9D-4E74-9F89-D323D843C2FF}.Release|iPhone.Deploy.0 = Release|iPhone
		{E91A88D5-FA9D-4E74-9F89-D323D843C2FF}.Release|iPhoneSimulator.ActiveCfg = Release|iPhoneSimulator
		{E91A88D5-FA9D-4E74-9F89-D323D843C2FF}.Release|iPhoneSimulator.Build.0 = Release|iPhoneSimulator
		{E91A88D5-FA9D-4E74-9F89-D323D843C2FF}.Release|iPhoneSimulator.Deploy.0 = Release|iPhoneSimulator
		{E91A88D5-FA9D-4E74-9F89-D323D843C2FF}.Release|x64.ActiveCfg = Release|iPhone
		{E91A88D5-FA9D-4E74-9F89-D323D843C2FF}.Release|x64.Build.0 = Release|iPhone
		{E91A88D5-FA9D-4E74-9F89-D323D843C2FF}.Release|x64.Deploy.0 = Release|iPhone
		{E91A88D5-FA9D-4E74-9F89-D323D843C2FF}.Release|x86.ActiveCfg = Release|iPhone
		{E91A88D5-FA9D-4E74-9F89-D323D843C2FF}.Release|x86.Build.0 = Release|iPhone
		{E91A88D5-FA9D-4E74-9F89-D323D843C2FF}.Release|x86.Deploy.0 = Release|iPhone
		{973DF37D-25BD-40C5-98C6-47EB9B23EB69}.Ad-Hoc|Any CPU.ActiveCfg = Release|x86
		{973DF37D-25BD-40C5-98C6-47EB9B23EB69}.Ad-Hoc|Any CPU.Build.0 = Release|x86
		{973DF37D-25BD-40C5-98C6-47EB9B23EB69}.Ad-Hoc|Any CPU.Deploy.0 = Release|x86
		{973DF37D-25BD-40C5-98C6-47EB9B23EB69}.Ad-Hoc|ARM.ActiveCfg = Release|ARM
		{973DF37D-25BD-40C5-98C6-47EB9B23EB69}.Ad-Hoc|ARM.Build.0 = Release|ARM
		{973DF37D-25BD-40C5-98C6-47EB9B23EB69}.Ad-Hoc|ARM.Deploy.0 = Release|ARM
		{973DF37D-25BD-40C5-98C6-47EB9B23EB69}.Ad-Hoc|iPhone.ActiveCfg = Release|x86
		{973DF37D-25BD-40C5-98C6-47EB9B23EB69}.Ad-Hoc|iPhone.Build.0 = Release|x86
		{973DF37D-25BD-40C5-98C6-47EB9B23EB69}.Ad-Hoc|iPhone.Deploy.0 = Release|x86
		{973DF37D-25BD-40C5-98C6-47EB9B23EB69}.Ad-Hoc|iPhoneSimulator.ActiveCfg = Release|x86
		{973DF37D-25BD-40C5-98C6-47EB9B23EB69}.Ad-Hoc|iPhoneSimulator.Build.0 = Release|x86
		{973DF37D-25BD-40C5-98C6-47EB9B23EB69}.Ad-Hoc|iPhoneSimulator.Deploy.0 = Release|x86
		{973DF37D-25BD-40C5-98C6-47EB9B23EB69}.Ad-Hoc|x64.ActiveCfg = Release|x64
		{973DF37D-25BD-40C5-98C6-47EB9B23EB69}.Ad-Hoc|x64.Build.0 = Release|x64
		{973DF37D-25BD-40C5-98C6-47EB9B23EB69}.Ad-Hoc|x64.Deploy.0 = Release|x64
		{973DF37D-25BD-40C5-98C6-47EB9B23EB69}.Ad-Hoc|x86.ActiveCfg = Release|x86
		{973DF37D-25BD-40C5-98C6-47EB9B23EB69}.Ad-Hoc|x86.Build.0 = Release|x86
		{973DF37D-25BD-40C5-98C6-47EB9B23EB69}.Ad-Hoc|x86.Deploy.0 = Release|x86
		{973DF37D-25BD-40C5-98C6-47EB9B23EB69}.AppStore|Any CPU.ActiveCfg = Release|x86
		{973DF37D-25BD-40C5-98C6-47EB9B23EB69}.AppStore|Any CPU.Build.0 = Release|x86
		{973DF37D-25BD-40C5-98C6-47EB9B23EB69}.AppStore|Any CPU.Deploy.0 = Release|x86
		{973DF37D-25BD-40C5-98C6-47EB9B23EB69}.AppStore|ARM.ActiveCfg = Release|ARM
		{973DF37D-25BD-40C5-98C6-47EB9B23EB69}.AppStore|ARM.Build.0 = Release|ARM
		{973DF37D-25BD-40C5-98C6-47EB9B23EB69}.AppStore|ARM.Deploy.0 = Release|ARM
		{973DF37D-25BD-40C5-98C6-47EB9B23EB69}.AppStore|iPhone.ActiveCfg = Release|x86
		{973DF37D-25BD-40C5-98C6-47EB9B23EB69}.AppStore|iPhone.Build.0 = Release|x86
		{973DF37D-25BD-40C5-98C6-47EB9B23EB69}.AppStore|iPhone.Deploy.0 = Release|x86
		{973DF37D-25BD-40C5-98C6-47EB9B23EB69}.AppStore|iPhoneSimulator.ActiveCfg = Release|x86
		{973DF37D-25BD-40C5-98C6-47EB9B23EB69}.AppStore|iPhoneSimulator.Build.0 = Release|x86
		{973DF37D-25BD-40C5-98C6-47EB9B23EB69}.AppStore|iPhoneSimulator.Deploy.0 = Release|x86
		{973DF37D-25BD-40C5-98C6-47EB9B23EB69}.AppStore|x64.ActiveCfg = Release|x64
		{973DF37D-25BD-40C5-98C6-47EB9B23EB69}.AppStore|x64.Build.0 = Release|x64
		{973DF37D-25BD-40C5-98C6-47EB9B23EB69}.AppStore|x64.Deploy.0 = Release|x64
		{973DF37D-25BD-40C5-98C6-47EB9B23EB69}.AppStore|x86.ActiveCfg = Release|x86
		{973DF37D-25BD-40C5-98C6-47EB9B23EB69}.AppStore|x86.Build.0 = Release|x86
		{973DF37D-25BD-40C5-98C6-47EB9B23EB69}.AppStore|x86.Deploy.0 = Release|x86
		{973DF37D-25BD-40C5-98C6-47EB9B23EB69}.Debug|Any CPU.ActiveCfg = Debug|x86
		{973DF37D-25BD-40C5-98C6-47EB9B23EB69}.Debug|Any CPU.Build.0 = Debug|x86
		{973DF37D-25BD-40C5-98C6-47EB9B23EB69}.Debug|Any CPU.Deploy.0 = Debug|x86
		{973DF37D-25BD-40C5-98C6-47EB9B23EB69}.Debug|ARM.ActiveCfg = Debug|ARM
		{973DF37D-25BD-40C5-98C6-47EB9B23EB69}.Debug|ARM.Build.0 = Debug|ARM
		{973DF37D-25BD-40C5-98C6-47EB9B23EB69}.Debug|ARM.Deploy.0 = Debug|ARM
		{973DF37D-25BD-40C5-98C6-47EB9B23EB69}.Debug|iPhone.ActiveCfg = Debug|x86
		{973DF37D-25BD-40C5-98C6-47EB9B23EB69}.Debug|iPhone.Build.0 = Debug|x86
		{973DF37D-25BD-40C5-98C6-47EB9B23EB69}.Debug|iPhone.Deploy.0 = Debug|x86
		{973DF37D-25BD-40C5-98C6-47EB9B23EB69}.Debug|iPhoneSimulator.ActiveCfg = Debug|x86
		{973DF37D-25BD-40C5-98C6-47EB9B23EB69}.Debug|iPhoneSimulator.Build.0 = Debug|x86
		{973DF37D-25BD-40C5-98C6-47EB9B23EB69}.Debug|iPhoneSimulator.Deploy.0 = Debug|x86
		{973DF37D-25BD-40C5-98C6-47EB9B23EB69}.Debug|x64.ActiveCfg = Debug|x64
		{973DF37D-25BD-40C5-98C6-47EB9B23EB69}.Debug|x64.Build.0 = Debug|x64
		{973DF37D-25BD-40C5-98C6-47EB9B23EB69}.Debug|x64.Deploy.0 = Debug|x64
		{973DF37D-25BD-40C5-98C6-47EB9B23EB69}.Debug|x86.ActiveCfg = Debug|x86
		{973DF37D-25BD-40C5-98C6-47EB9B23EB69}.Debug|x86.Build.0 = Debug|x86
		{973DF37D-25BD-40C5-98C6-47EB9B23EB69}.Debug|x86.Deploy.0 = Debug|x86
		{973DF37D-25BD-40C5-98C6-47EB9B23EB69}.Release|Any CPU.ActiveCfg = Release|x86
		{973DF37D-25BD-40C5-98C6-47EB9B23EB69}.Release|Any CPU.Build.0 = Release|x86
		{973DF37D-25BD-40C5-98C6-47EB9B23EB69}.Release|Any CPU.Deploy.0 = Release|x86
		{973DF37D-25BD-40C5-98C6-47EB9B23EB69}.Release|ARM.ActiveCfg = Release|ARM
		{973DF37D-25BD-40C5-98C6-47EB9B23EB69}.Release|ARM.Build.0 = Release|ARM
		{973DF37D-25BD-40C5-98C6-47EB9B23EB69}.Release|ARM.Deploy.0 = Release|ARM
		{973DF37D-25BD-40C5-98C6-47EB9B23EB69}.Release|iPhone.ActiveCfg = Release|x86
		{973DF37D-25BD-40C5-98C6-47EB9B23EB69}.Release|iPhone.Build.0 = Release|x86
		{973DF37D-25BD-40C5-98C6-47EB9B23EB69}.Release|iPhone.Deploy.0 = Release|x86
		{973DF37D-25BD-40C5-98C6-47EB9B23EB69}.Release|iPhoneSimulator.ActiveCfg = Release|x86
		{973DF37D-25BD-40C5-98C6-47EB9B23EB69}.Release|iPhoneSimulator.Build.0 = Release|x86
		{973DF37D-25BD-40C5-98C6-47EB9B23EB69}.Release|iPhoneSimulator.Deploy.0 = Release|x86
		{973DF37D-25BD-40C5-98C6-47EB9B23EB69}.Release|x64.ActiveCfg = Release|x64
		{973DF37D-25BD-40C5-98C6-47EB9B23EB69}.Release|x64.Build.0 = Release|x64
		{973DF37D-25BD-40C5-98C6-47EB9B23EB69}.Release|x64.Deploy.0 = Release|x64
		{973DF37D-25BD-40C5-98C6-47EB9B23EB69}.Release|x86.ActiveCfg = Release|x86
		{973DF37D-25BD-40C5-98C6-47EB9B23EB69}.Release|x86.Build.0 = Release|x86
		{973DF37D-25BD-40C5-98C6-47EB9B23EB69}.Release|x86.Deploy.0 = Release|x86
		{E1F3CFD8-AAA5-48DC-B6E5-24148B993649}.Ad-Hoc|Any CPU.ActiveCfg = Debug|Any CPU
		{E1F3CFD8-AAA5-48DC-B6E5-24148B993649}.Ad-Hoc|Any CPU.Build.0 = Debug|Any CPU
		{E1F3CFD8-AAA5-48DC-B6E5-24148B993649}.Ad-Hoc|Any CPU.Deploy.0 = Debug|Any CPU
		{E1F3CFD8-AAA5-48DC-B6E5-24148B993649}.Ad-Hoc|ARM.ActiveCfg = Debug|Any CPU
		{E1F3CFD8-AAA5-48DC-B6E5-24148B993649}.Ad-Hoc|ARM.Build.0 = Debug|Any CPU
		{E1F3CFD8-AAA5-48DC-B6E5-24148B993649}.Ad-Hoc|ARM.Deploy.0 = Debug|Any CPU
		{E1F3CFD8-AAA5-48DC-B6E5-24148B993649}.Ad-Hoc|iPhone.ActiveCfg = Debug|Any CPU
		{E1F3CFD8-AAA5-48DC-B6E5-24148B993649}.Ad-Hoc|iPhone.Build.0 = Debug|Any CPU
		{E1F3CFD8-AAA5-48DC-B6E5-24148B993649}.Ad-Hoc|iPhone.Deploy.0 = Debug|Any CPU
		{E1F3CFD8-AAA5-48DC-B6E5-24148B993649}.Ad-Hoc|iPhoneSimulator.ActiveCfg = Debug|Any CPU
		{E1F3CFD8-AAA5-48DC-B6E5-24148B993649}.Ad-Hoc|iPhoneSimulator.Build.0 = Debug|Any CPU
		{E1F3CFD8-AAA5-48DC-B6E5-24148B993649}.Ad-Hoc|iPhoneSimulator.Deploy.0 = Debug|Any CPU
		{E1F3CFD8-AAA5-48DC-B6E5-24148B993649}.Ad-Hoc|x64.ActiveCfg = Debug|Any CPU
		{E1F3CFD8-AAA5-48DC-B6E5-24148B993649}.Ad-Hoc|x64.Build.0 = Debug|Any CPU
		{E1F3CFD8-AAA5-48DC-B6E5-24148B993649}.Ad-Hoc|x64.Deploy.0 = Debug|Any CPU
		{E1F3CFD8-AAA5-48DC-B6E5-24148B993649}.Ad-Hoc|x86.ActiveCfg = Debug|Any CPU
		{E1F3CFD8-AAA5-48DC-B6E5-24148B993649}.Ad-Hoc|x86.Build.0 = Debug|Any CPU
		{E1F3CFD8-AAA5-48DC-B6E5-24148B993649}.Ad-Hoc|x86.Deploy.0 = Debug|Any CPU
		{E1F3CFD8-AAA5-48DC-B6E5-24148B993649}.AppStore|Any CPU.ActiveCfg = Debug|Any CPU
		{E1F3CFD8-AAA5-48DC-B6E5-24148B993649}.AppStore|Any CPU.Build.0 = Debug|Any CPU
		{E1F3CFD8-AAA5-48DC-B6E5-24148B993649}.AppStore|Any CPU.Deploy.0 = Debug|Any CPU
		{E1F3CFD8-AAA5-48DC-B6E5-24148B993649}.AppStore|ARM.ActiveCfg = Debug|Any CPU
		{E1F3CFD8-AAA5-48DC-B6E5-24148B993649}.AppStore|ARM.Build.0 = Debug|Any CPU
		{E1F3CFD8-AAA5-48DC-B6E5-24148B993649}.AppStore|ARM.Deploy.0 = Debug|Any CPU
		{E1F3CFD8-AAA5-48DC-B6E5-24148B993649}.AppStore|iPhone.ActiveCfg = Debug|Any CPU
		{E1F3CFD8-AAA5-48DC-B6E5-24148B993649}.AppStore|iPhone.Build.0 = Debug|Any CPU
		{E1F3CFD8-AAA5-48DC-B6E5-24148B993649}.AppStore|iPhone.Deploy.0 = Debug|Any CPU
		{E1F3CFD8-AAA5-48DC-B6E5-24148B993649}.AppStore|iPhoneSimulator.ActiveCfg = Debug|Any CPU
		{E1F3CFD8-AAA5-48DC-B6E5-24148B993649}.AppStore|iPhoneSimulator.Build.0 = Debug|Any CPU
		{E1F3CFD8-AAA5-48DC-B6E5-24148B993649}.AppStore|iPhoneSimulator.Deploy.0 = Debug|Any CPU
		{E1F3CFD8-AAA5-48DC-B6E5-24148B993649}.AppStore|x64.ActiveCfg = Debug|Any CPU
		{E1F3CFD8-AAA5-48DC-B6E5-24148B993649}.AppStore|x64.Build.0 = Debug|Any CPU
		{E1F3CFD8-AAA5-48DC-B6E5-24148B993649}.AppStore|x64.Deploy.0 = Debug|Any CPU
		{E1F3CFD8-AAA5-48DC-B6E5-24148B993649}.AppStore|x86.ActiveCfg = Debug|Any CPU
		{E1F3CFD8-AAA5-48DC-B6E5-24148B993649}.AppStore|x86.Build.0 = Debug|Any CPU
		{E1F3CFD8-AAA5-48DC-B6E5-24148B993649}.AppStore|x86.Deploy.0 = Debug|Any CPU
		{E1F3CFD8-AAA5-48DC-B6E5-24148B993649}.Debug|Any CPU.ActiveCfg = Debug|Any CPU
		{E1F3CFD8-AAA5-48DC-B6E5-24148B993649}.Debug|Any CPU.Build.0 = Debug|Any CPU
		{E1F3CFD8-AAA5-48DC-B6E5-24148B993649}.Debug|Any CPU.Deploy.0 = Debug|Any CPU
		{E1F3CFD8-AAA5-48DC-B6E5-24148B993649}.Debug|ARM.ActiveCfg = Debug|Any CPU
		{E1F3CFD8-AAA5-48DC-B6E5-24148B993649}.Debug|ARM.Build.0 = Debug|Any CPU
		{E1F3CFD8-AAA5-48DC-B6E5-24148B993649}.Debug|ARM.Deploy.0 = Debug|Any CPU
		{E1F3CFD8-AAA5-48DC-B6E5-24148B993649}.Debug|iPhone.ActiveCfg = Debug|Any CPU
		{E1F3CFD8-AAA5-48DC-B6E5-24148B993649}.Debug|iPhone.Build.0 = Debug|Any CPU
		{E1F3CFD8-AAA5-48DC-B6E5-24148B993649}.Debug|iPhone.Deploy.0 = Debug|Any CPU
		{E1F3CFD8-AAA5-48DC-B6E5-24148B993649}.Debug|iPhoneSimulator.ActiveCfg = Debug|Any CPU
		{E1F3CFD8-AAA5-48DC-B6E5-24148B993649}.Debug|iPhoneSimulator.Build.0 = Debug|Any CPU
		{E1F3CFD8-AAA5-48DC-B6E5-24148B993649}.Debug|iPhoneSimulator.Deploy.0 = Debug|Any CPU
		{E1F3CFD8-AAA5-48DC-B6E5-24148B993649}.Debug|x64.ActiveCfg = Debug|Any CPU
		{E1F3CFD8-AAA5-48DC-B6E5-24148B993649}.Debug|x64.Build.0 = Debug|Any CPU
		{E1F3CFD8-AAA5-48DC-B6E5-24148B993649}.Debug|x64.Deploy.0 = Debug|Any CPU
		{E1F3CFD8-AAA5-48DC-B6E5-24148B993649}.Debug|x86.ActiveCfg = Debug|Any CPU
		{E1F3CFD8-AAA5-48DC-B6E5-24148B993649}.Debug|x86.Build.0 = Debug|Any CPU
		{E1F3CFD8-AAA5-48DC-B6E5-24148B993649}.Debug|x86.Deploy.0 = Debug|Any CPU
		{E1F3CFD8-AAA5-48DC-B6E5-24148B993649}.Release|Any CPU.ActiveCfg = Release|Any CPU
		{E1F3CFD8-AAA5-48DC-B6E5-24148B993649}.Release|Any CPU.Build.0 = Release|Any CPU
		{E1F3CFD8-AAA5-48DC-B6E5-24148B993649}.Release|Any CPU.Deploy.0 = Release|Any CPU
		{E1F3CFD8-AAA5-48DC-B6E5-24148B993649}.Release|ARM.ActiveCfg = Release|Any CPU
		{E1F3CFD8-AAA5-48DC-B6E5-24148B993649}.Release|ARM.Build.0 = Release|Any CPU
		{E1F3CFD8-AAA5-48DC-B6E5-24148B993649}.Release|ARM.Deploy.0 = Release|Any CPU
		{E1F3CFD8-AAA5-48DC-B6E5-24148B993649}.Release|iPhone.ActiveCfg = Release|Any CPU
		{E1F3CFD8-AAA5-48DC-B6E5-24148B993649}.Release|iPhone.Build.0 = Release|Any CPU
		{E1F3CFD8-AAA5-48DC-B6E5-24148B993649}.Release|iPhone.Deploy.0 = Release|Any CPU
		{E1F3CFD8-AAA5-48DC-B6E5-24148B993649}.Release|iPhoneSimulator.ActiveCfg = Release|Any CPU
		{E1F3CFD8-AAA5-48DC-B6E5-24148B993649}.Release|iPhoneSimulator.Build.0 = Release|Any CPU
		{E1F3CFD8-AAA5-48DC-B6E5-24148B993649}.Release|iPhoneSimulator.Deploy.0 = Release|Any CPU
		{E1F3CFD8-AAA5-48DC-B6E5-24148B993649}.Release|x64.ActiveCfg = Release|Any CPU
		{E1F3CFD8-AAA5-48DC-B6E5-24148B993649}.Release|x64.Build.0 = Release|Any CPU
		{E1F3CFD8-AAA5-48DC-B6E5-24148B993649}.Release|x64.Deploy.0 = Release|Any CPU
		{E1F3CFD8-AAA5-48DC-B6E5-24148B993649}.Release|x86.ActiveCfg = Release|Any CPU
		{E1F3CFD8-AAA5-48DC-B6E5-24148B993649}.Release|x86.Build.0 = Release|Any CPU
		{E1F3CFD8-AAA5-48DC-B6E5-24148B993649}.Release|x86.Deploy.0 = Release|Any CPU
	EndGlobalSection
	GlobalSection(SolutionProperties) = preSolution
		HideSolutionNode = FALSE
	EndGlobalSection
	GlobalSection(ExtensibilityGlobals) = postSolution
		SolutionGuid = {975670BF-2752-4F18-A0EE-907082531071}
	EndGlobalSection
EndGlobal
